// !$*UTF8*$!
{
	archiveVersion = 1;
	classes = {
	};
	objectVersion = 46;
	objects = {

/* Begin PBXBuildFile section */
		18D8746B22AF33C3AD1C0C79 /* Pods_Pokedex.framework in Frameworks */ = {isa = PBXBuildFile; fileRef = FA28E454EC6BED43B3D643EC /* Pods_Pokedex.framework */; };
		8A3255111C54E8EB00966EF7 /* Constants.swift in Sources */ = {isa = PBXBuildFile; fileRef = 8A3255101C54E8EB00966EF7 /* Constants.swift */; };
		8AECC4501C4DA9FB00BB8251 /* AppDelegate.swift in Sources */ = {isa = PBXBuildFile; fileRef = 8AECC44F1C4DA9FB00BB8251 /* AppDelegate.swift */; };
		8AECC4521C4DA9FB00BB8251 /* ViewController.swift in Sources */ = {isa = PBXBuildFile; fileRef = 8AECC4511C4DA9FB00BB8251 /* ViewController.swift */; };
		8AECC4551C4DA9FB00BB8251 /* Main.storyboard in Resources */ = {isa = PBXBuildFile; fileRef = 8AECC4531C4DA9FB00BB8251 /* Main.storyboard */; };
		8AECC4571C4DA9FB00BB8251 /* Assets.xcassets in Resources */ = {isa = PBXBuildFile; fileRef = 8AECC4561C4DA9FB00BB8251 /* Assets.xcassets */; };
		8AECC45A1C4DA9FB00BB8251 /* LaunchScreen.storyboard in Resources */ = {isa = PBXBuildFile; fileRef = 8AECC4581C4DA9FB00BB8251 /* LaunchScreen.storyboard */; };
		8AECC4621C4DD04500BB8251 /* pokemon.csv in Resources */ = {isa = PBXBuildFile; fileRef = 8AECC4611C4DD04500BB8251 /* pokemon.csv */; };
		8AECC4651C4DD92100BB8251 /* Pokemon.swift in Sources */ = {isa = PBXBuildFile; fileRef = 8AECC4641C4DD92100BB8251 /* Pokemon.swift */; };
		8AECC4681C4DE71900BB8251 /* PokeCell.swift in Sources */ = {isa = PBXBuildFile; fileRef = 8AECC4671C4DE71900BB8251 /* PokeCell.swift */; };
		8AECC46A1C4E16CF00BB8251 /* csv.swift in Sources */ = {isa = PBXBuildFile; fileRef = 8AECC4691C4E16CF00BB8251 /* csv.swift */; };
		8AECC46F1C4E2D9700BB8251 /* pokemon_solid.ttf in Resources */ = {isa = PBXBuildFile; fileRef = 8AECC46E1C4E2D9700BB8251 /* pokemon_solid.ttf */; };
		8AECC4711C4E31C800BB8251 /* WangChungDanceHallDays.mp3 in Resources */ = {isa = PBXBuildFile; fileRef = 8AECC4701C4E31C800BB8251 /* WangChungDanceHallDays.mp3 */; };
		8AECC4991C52E41B00BB8251 /* PokeDetailViewController.swift in Sources */ = {isa = PBXBuildFile; fileRef = 8AECC4981C52E41B00BB8251 /* PokeDetailViewController.swift */; };
		8AECC49B1C52EDDD00BB8251 /* pokemon_hollow.ttf in Resources */ = {isa = PBXBuildFile; fileRef = 8AECC49A1C52EDDD00BB8251 /* pokemon_hollow.ttf */; };
/* End PBXBuildFile section */

/* Begin PBXFileReference section */
		23350BBB3B3363CCF663FE19 /* Pods-Pokedex.release.xcconfig */ = {isa = PBXFileReference; includeInIndex = 1; lastKnownFileType = text.xcconfig; name = "Pods-Pokedex.release.xcconfig"; path = "Pods/Target Support Files/Pods-Pokedex/Pods-Pokedex.release.xcconfig"; sourceTree = "<group>"; };
		8A3255101C54E8EB00966EF7 /* Constants.swift */ = {isa = PBXFileReference; fileEncoding = 4; lastKnownFileType = sourcecode.swift; path = Constants.swift; sourceTree = "<group>"; };
		8AECC44C1C4DA9FB00BB8251 /* Pokedex.app */ = {isa = PBXFileReference; explicitFileType = wrapper.application; includeInIndex = 0; path = Pokedex.app; sourceTree = BUILT_PRODUCTS_DIR; };
		8AECC44F1C4DA9FB00BB8251 /* AppDelegate.swift */ = {isa = PBXFileReference; lastKnownFileType = sourcecode.swift; path = AppDelegate.swift; sourceTree = "<group>"; };
		8AECC4511C4DA9FB00BB8251 /* ViewController.swift */ = {isa = PBXFileReference; lastKnownFileType = sourcecode.swift; path = ViewController.swift; sourceTree = "<group>"; };
		8AECC4541C4DA9FB00BB8251 /* Base */ = {isa = PBXFileReference; lastKnownFileType = file.storyboard; name = Base; path = Base.lproj/Main.storyboard; sourceTree = "<group>"; };
		8AECC4561C4DA9FB00BB8251 /* Assets.xcassets */ = {isa = PBXFileReference; lastKnownFileType = folder.assetcatalog; path = Assets.xcassets; sourceTree = "<group>"; };
		8AECC4591C4DA9FB00BB8251 /* Base */ = {isa = PBXFileReference; lastKnownFileType = file.storyboard; name = Base; path = Base.lproj/LaunchScreen.storyboard; sourceTree = "<group>"; };
		8AECC45B1C4DA9FB00BB8251 /* Info.plist */ = {isa = PBXFileReference; lastKnownFileType = text.plist.xml; path = Info.plist; sourceTree = "<group>"; };
		8AECC4611C4DD04500BB8251 /* pokemon.csv */ = {isa = PBXFileReference; fileEncoding = 4; lastKnownFileType = text; path = pokemon.csv; sourceTree = "<group>"; };
		8AECC4641C4DD92100BB8251 /* Pokemon.swift */ = {isa = PBXFileReference; fileEncoding = 4; lastKnownFileType = sourcecode.swift; path = Pokemon.swift; sourceTree = "<group>"; };
		8AECC4671C4DE71900BB8251 /* PokeCell.swift */ = {isa = PBXFileReference; fileEncoding = 4; lastKnownFileType = sourcecode.swift; path = PokeCell.swift; sourceTree = "<group>"; };
		8AECC4691C4E16CF00BB8251 /* csv.swift */ = {isa = PBXFileReference; fileEncoding = 4; lastKnownFileType = sourcecode.swift; path = csv.swift; sourceTree = "<group>"; };
		8AECC46E1C4E2D9700BB8251 /* pokemon_solid.ttf */ = {isa = PBXFileReference; lastKnownFileType = file; path = pokemon_solid.ttf; sourceTree = "<group>"; };
		8AECC4701C4E31C800BB8251 /* WangChungDanceHallDays.mp3 */ = {isa = PBXFileReference; lastKnownFileType = audio.mp3; path = WangChungDanceHallDays.mp3; sourceTree = "<group>"; };
		8AECC4981C52E41B00BB8251 /* PokeDetailViewController.swift */ = {isa = PBXFileReference; fileEncoding = 4; lastKnownFileType = sourcecode.swift; path = PokeDetailViewController.swift; sourceTree = "<group>"; };
		8AECC49A1C52EDDD00BB8251 /* pokemon_hollow.ttf */ = {isa = PBXFileReference; lastKnownFileType = file; path = pokemon_hollow.ttf; sourceTree = "<group>"; };
		E47D4CE4DFFA640D3A885206 /* Pods-Pokedex.debug.xcconfig */ = {isa = PBXFileReference; includeInIndex = 1; lastKnownFileType = text.xcconfig; name = "Pods-Pokedex.debug.xcconfig"; path = "Pods/Target Support Files/Pods-Pokedex/Pods-Pokedex.debug.xcconfig"; sourceTree = "<group>"; };
		FA28E454EC6BED43B3D643EC /* Pods_Pokedex.framework */ = {isa = PBXFileReference; explicitFileType = wrapper.framework; includeInIndex = 0; path = Pods_Pokedex.framework; sourceTree = BUILT_PRODUCTS_DIR; };
/* End PBXFileReference section */

/* Begin PBXFrameworksBuildPhase section */
		8AECC4491C4DA9FB00BB8251 /* Frameworks */ = {
			isa = PBXFrameworksBuildPhase;
			buildActionMask = 2147483647;
			files = (
				18D8746B22AF33C3AD1C0C79 /* Pods_Pokedex.framework in Frameworks */,
			);
			runOnlyForDeploymentPostprocessing = 0;
		};
/* End PBXFrameworksBuildPhase section */

/* Begin PBXGroup section */
		11B2D65028CFC6A348004810 /* Pods */ = {
			isa = PBXGroup;
			children = (
				E47D4CE4DFFA640D3A885206 /* Pods-Pokedex.debug.xcconfig */,
				23350BBB3B3363CCF663FE19 /* Pods-Pokedex.release.xcconfig */,
			);
			name = Pods;
			sourceTree = "<group>";
		};
		8AECC4431C4DA9FB00BB8251 = {
			isa = PBXGroup;
			children = (
				8AECC44E1C4DA9FB00BB8251 /* Pokedex */,
				8AECC44D1C4DA9FB00BB8251 /* Products */,
				11B2D65028CFC6A348004810 /* Pods */,
				CE67C9EE7101E97E099E1BFE /* Frameworks */,
			);
			sourceTree = "<group>";
		};
		8AECC44D1C4DA9FB00BB8251 /* Products */ = {
			isa = PBXGroup;
			children = (
				8AECC44C1C4DA9FB00BB8251 /* Pokedex.app */,
			);
			name = Products;
			sourceTree = "<group>";
		};
		8AECC44E1C4DA9FB00BB8251 /* Pokedex */ = {
			isa = PBXGroup;
			children = (
				8AECC46D1C4E259100BB8251 /* Resources */,
				8AECC46B1C4E255100BB8251 /* Util */,
				8AECC4631C4DD90800BB8251 /* Model */,
				8AECC4661C4DE6CB00BB8251 /* View */,
				8AECC46C1C4E256900BB8251 /* Controller */,
				8AECC44F1C4DA9FB00BB8251 /* AppDelegate.swift */,
				8AECC4531C4DA9FB00BB8251 /* Main.storyboard */,
				8AECC4561C4DA9FB00BB8251 /* Assets.xcassets */,
				8AECC4581C4DA9FB00BB8251 /* LaunchScreen.storyboard */,
				8AECC45B1C4DA9FB00BB8251 /* Info.plist */,
			);
			path = Pokedex;
			sourceTree = "<group>";
		};
		8AECC4631C4DD90800BB8251 /* Model */ = {
			isa = PBXGroup;
			children = (
				8AECC4641C4DD92100BB8251 /* Pokemon.swift */,
			);
			name = Model;
			sourceTree = "<group>";
		};
		8AECC4661C4DE6CB00BB8251 /* View */ = {
			isa = PBXGroup;
			children = (
				8AECC4671C4DE71900BB8251 /* PokeCell.swift */,
			);
			name = View;
			sourceTree = "<group>";
		};
		8AECC46B1C4E255100BB8251 /* Util */ = {
			isa = PBXGroup;
			children = (
				8AECC4691C4E16CF00BB8251 /* csv.swift */,
				8A3255101C54E8EB00966EF7 /* Constants.swift */,
			);
			name = Util;
			sourceTree = "<group>";
		};
		8AECC46C1C4E256900BB8251 /* Controller */ = {
			isa = PBXGroup;
			children = (
				8AECC4511C4DA9FB00BB8251 /* ViewController.swift */,
				8AECC4981C52E41B00BB8251 /* PokeDetailViewController.swift */,
			);
			name = Controller;
			sourceTree = "<group>";
		};
		8AECC46D1C4E259100BB8251 /* Resources */ = {
			isa = PBXGroup;
			children = (
				8AECC4701C4E31C800BB8251 /* WangChungDanceHallDays.mp3 */,
				8AECC46E1C4E2D9700BB8251 /* pokemon_solid.ttf */,
				8AECC49A1C52EDDD00BB8251 /* pokemon_hollow.ttf */,
				8AECC4611C4DD04500BB8251 /* pokemon.csv */,
			);
			name = Resources;
			sourceTree = "<group>";
		};
		CE67C9EE7101E97E099E1BFE /* Frameworks */ = {
			isa = PBXGroup;
			children = (
				FA28E454EC6BED43B3D643EC /* Pods_Pokedex.framework */,
			);
			name = Frameworks;
			sourceTree = "<group>";
		};
/* End PBXGroup section */

/* Begin PBXNativeTarget section */
		8AECC44B1C4DA9FB00BB8251 /* Pokedex */ = {
			isa = PBXNativeTarget;
			buildConfigurationList = 8AECC45E1C4DA9FB00BB8251 /* Build configuration list for PBXNativeTarget "Pokedex" */;
			buildPhases = (
				0022328361B2CC06B0BEB07B /* Check Pods Manifest.lock */,
				8AECC4481C4DA9FB00BB8251 /* Sources */,
				8AECC4491C4DA9FB00BB8251 /* Frameworks */,
				8AECC44A1C4DA9FB00BB8251 /* Resources */,
				34FDB2BAF3F68C6E3322AE74 /* Embed Pods Frameworks */,
				1B0F90FA1E7BB750109E4F1F /* Copy Pods Resources */,
			);
			buildRules = (
			);
			dependencies = (
			);
			name = Pokedex;
			productName = Pokedex;
			productReference = 8AECC44C1C4DA9FB00BB8251 /* Pokedex.app */;
			productType = "com.apple.product-type.application";
		};
/* End PBXNativeTarget section */

/* Begin PBXProject section */
		8AECC4441C4DA9FB00BB8251 /* Project object */ = {
			isa = PBXProject;
			attributes = {
				LastSwiftUpdateCheck = 0720;
				LastUpgradeCheck = 0720;
				ORGANIZATIONNAME = AlbaSoft;
				TargetAttributes = {
					8AECC44B1C4DA9FB00BB8251 = {
						CreatedOnToolsVersion = 7.2;
					};
				};
			};
			buildConfigurationList = 8AECC4471C4DA9FB00BB8251 /* Build configuration list for PBXProject "Pokedex" */;
			compatibilityVersion = "Xcode 3.2";
			developmentRegion = English;
			hasScannedForEncodings = 0;
			knownRegions = (
				en,
				Base,
			);
			mainGroup = 8AECC4431C4DA9FB00BB8251;
			productRefGroup = 8AECC44D1C4DA9FB00BB8251 /* Products */;
			projectDirPath = "";
			projectRoot = "";
			targets = (
				8AECC44B1C4DA9FB00BB8251 /* Pokedex */,
			);
		};
/* End PBXProject section */

/* Begin PBXResourcesBuildPhase section */
		8AECC44A1C4DA9FB00BB8251 /* Resources */ = {
			isa = PBXResourcesBuildPhase;
			buildActionMask = 2147483647;
			files = (
				8AECC46F1C4E2D9700BB8251 /* pokemon_solid.ttf in Resources */,
				8AECC45A1C4DA9FB00BB8251 /* LaunchScreen.storyboard in Resources */,
				8AECC4711C4E31C800BB8251 /* WangChungDanceHallDays.mp3 in Resources */,
				8AECC4571C4DA9FB00BB8251 /* Assets.xcassets in Resources */,
				8AECC4621C4DD04500BB8251 /* pokemon.csv in Resources */,
				8AECC49B1C52EDDD00BB8251 /* pokemon_hollow.ttf in Resources */,
				8AECC4551C4DA9FB00BB8251 /* Main.storyboard in Resources */,
			);
			runOnlyForDeploymentPostprocessing = 0;
		};
/* End PBXResourcesBuildPhase section */

/* Begin PBXShellScriptBuildPhase section */
		0022328361B2CC06B0BEB07B /* Check Pods Manifest.lock */ = {
			isa = PBXShellScriptBuildPhase;
			buildActionMask = 2147483647;
			files = (
			);
			inputPaths = (
			);
			name = "Check Pods Manifest.lock";
			outputPaths = (
			);
			runOnlyForDeploymentPostprocessing = 0;
			shellPath = /bin/sh;
			shellScript = "diff \"${PODS_ROOT}/../Podfile.lock\" \"${PODS_ROOT}/Manifest.lock\" > /dev/null\nif [[ $? != 0 ]] ; then\n    cat << EOM\nerror: The sandbox is not in sync with the Podfile.lock. Run 'pod install' or update your CocoaPods installation.\nEOM\n    exit 1\nfi\n";
			showEnvVarsInLog = 0;
		};
		1B0F90FA1E7BB750109E4F1F /* Copy Pods Resources */ = {
			isa = PBXShellScriptBuildPhase;
			buildActionMask = 2147483647;
			files = (
			);
			inputPaths = (
			);
			name = "Copy Pods Resources";
			outputPaths = (
			);
			runOnlyForDeploymentPostprocessing = 0;
			shellPath = /bin/sh;
			shellScript = "\"${SRCROOT}/Pods/Target Support Files/Pods-Pokedex/Pods-Pokedex-resources.sh\"\n";
			showEnvVarsInLog = 0;
		};
		34FDB2BAF3F68C6E3322AE74 /* Embed Pods Frameworks */ = {
			isa = PBXShellScriptBuildPhase;
			buildActionMask = 2147483647;
			files = (
			);
			inputPaths = (
			);
			name = "Embed Pods Frameworks";
			outputPaths = (
			);
			runOnlyForDeploymentPostprocessing = 0;
			shellPath = /bin/sh;
			shellScript = "\"${SRCROOT}/Pods/Target Support Files/Pods-Pokedex/Pods-Pokedex-frameworks.sh\"\n";
			showEnvVarsInLog = 0;
		};
/* End PBXShellScriptBuildPhase section */

/* Begin PBXSourcesBuildPhase section */
		8AECC4481C4DA9FB00BB8251 /* Sources */ = {
			isa = PBXSourcesBuildPhase;
			buildActionMask = 2147483647;
			files = (
				8AECC4681C4DE71900BB8251 /* PokeCell.swift in Sources */,
				8AECC4521C4DA9FB00BB8251 /* ViewController.swift in Sources */,
				8AECC4991C52E41B00BB8251 /* PokeDetailViewController.swift in Sources */,
				8AECC4501C4DA9FB00BB8251 /* AppDelegate.swift in Sources */,
				8A3255111C54E8EB00966EF7 /* Constants.swift in Sources */,
				8AECC4651C4DD92100BB8251 /* Pokemon.swift in Sources */,
				8AECC46A1C4E16CF00BB8251 /* csv.swift in Sources */,
			);
			runOnlyForDeploymentPostprocessing = 0;
		};
/* End PBXSourcesBuildPhase section */

/* Begin PBXVariantGroup section */
		8AECC4531C4DA9FB00BB8251 /* Main.storyboard */ = {
			isa = PBXVariantGroup;
			children = (
				8AECC4541C4DA9FB00BB8251 /* Base */,
			);
			name = Main.storyboard;
			sourceTree = "<group>";
		};
		8AECC4581C4DA9FB00BB8251 /* LaunchScreen.storyboard */ = {
			isa = PBXVariantGroup;
			children = (
				8AECC4591C4DA9FB00BB8251 /* Base */,
			);
			name = LaunchScreen.storyboard;
			sourceTree = "<group>";
		};
/* End PBXVariantGroup section */

/* Begin XCBuildConfiguration section */
		8AECC45C1C4DA9FB00BB8251 /* Debug */ = {
			isa = XCBuildConfiguration;
			buildSettings = {
				ALWAYS_SEARCH_USER_PATHS = NO;
				CLANG_CXX_LANGUAGE_STANDARD = "gnu++0x";
				CLANG_CXX_LIBRARY = "libc++";
				CLANG_ENABLE_MODULES = YES;
				CLANG_ENABLE_OBJC_ARC = YES;
				CLANG_WARN_BOOL_CONVERSION = YES;
				CLANG_WARN_CONSTANT_CONVERSION = YES;
				CLANG_WARN_DIRECT_OBJC_ISA_USAGE = YES_ERROR;
				CLANG_WARN_EMPTY_BODY = YES;
				CLANG_WARN_ENUM_CONVERSION = YES;
				CLANG_WARN_INT_CONVERSION = YES;
				CLANG_WARN_OBJC_ROOT_CLASS = YES_ERROR;
				CLANG_WARN_UNREACHABLE_CODE = YES;
				CLANG_WARN__DUPLICATE_METHOD_MATCH = YES;
				"CODE_SIGN_IDENTITY[sdk=iphoneos*]" = "iPhone Developer";
				COPY_PHASE_STRIP = NO;
				DEBUG_INFORMATION_FORMAT = dwarf;
				ENABLE_STRICT_OBJC_MSGSEND = YES;
				ENABLE_TESTABILITY = YES;
				GCC_C_LANGUAGE_STANDARD = gnu99;
				GCC_DYNAMIC_NO_PIC = NO;
				GCC_NO_COMMON_BLOCKS = YES;
				GCC_OPTIMIZATION_LEVEL = 0;
				GCC_PREPROCESSOR_DEFINITIONS = (
					"DEBUG=1",
					"$(inherited)",
				);
				GCC_WARN_64_TO_32_BIT_CONVERSION = YES;
				GCC_WARN_ABOUT_RETURN_TYPE = YES_ERROR;
				GCC_WARN_UNDECLARED_SELECTOR = YES;
				GCC_WARN_UNINITIALIZED_AUTOS = YES_AGGRESSIVE;
				GCC_WARN_UNUSED_FUNCTION = YES;
				GCC_WARN_UNUSED_VARIABLE = YES;
				IPHONEOS_DEPLOYMENT_TARGET = 9.2;
				MTL_ENABLE_DEBUG_INFO = YES;
				ONLY_ACTIVE_ARCH = YES;
				SDKROOT = iphoneos;
				SWIFT_OPTIMIZATION_LEVEL = "-Onone";
				TARGETED_DEVICE_FAMILY = "1,2";
			};
			name = Debug;
		};
		8AECC45D1C4DA9FB00BB8251 /* Release */ = {
			isa = XCBuildConfiguration;
			buildSettings = {
				ALWAYS_SEARCH_USER_PATHS = NO;
				CLANG_CXX_LANGUAGE_STANDARD = "gnu++0x";
				CLANG_CXX_LIBRARY = "libc++";
				CLANG_ENABLE_MODULES = YES;
				CLANG_ENABLE_OBJC_ARC = YES;
				CLANG_WARN_BOOL_CONVERSION = YES;
				CLANG_WARN_CONSTANT_CONVERSION = YES;
				CLANG_WARN_DIRECT_OBJC_ISA_USAGE = YES_ERROR;
				CLANG_WARN_EMPTY_BODY = YES;
				CLANG_WARN_ENUM_CONVERSION = YES;
				CLANG_WARN_INT_CONVERSION = YES;
				CLANG_WARN_OBJC_ROOT_CLASS = YES_ERROR;
				CLANG_WARN_UNREACHABLE_CODE = YES;
				CLANG_WARN__DUPLICATE_METHOD_MATCH = YES;
				"CODE_SIGN_IDENTITY[sdk=iphoneos*]" = "iPhone Developer";
				COPY_PHASE_STRIP = NO;
				DEBUG_INFORMATION_FORMAT = "dwarf-with-dsym";
				ENABLE_NS_ASSERTIONS = NO;
				ENABLE_STRICT_OBJC_MSGSEND = YES;
				GCC_C_LANGUAGE_STANDARD = gnu99;
				GCC_NO_COMMON_BLOCKS = YES;
				GCC_WARN_64_TO_32_BIT_CONVERSION = YES;
				GCC_WARN_ABOUT_RETURN_TYPE = YES_ERROR;
				GCC_WARN_UNDECLARED_SELECTOR = YES;
				GCC_WARN_UNINITIALIZED_AUTOS = YES_AGGRESSIVE;
				GCC_WARN_UNUSED_FUNCTION = YES;
				GCC_WARN_UNUSED_VARIABLE = YES;
				IPHONEOS_DEPLOYMENT_TARGET = 9.2;
				MTL_ENABLE_DEBUG_INFO = NO;
				SDKROOT = iphoneos;
				TARGETED_DEVICE_FAMILY = "1,2";
				VALIDATE_PRODUCT = YES;
			};
			name = Release;
		};
		8AECC45F1C4DA9FB00BB8251 /* Debug */ = {
			isa = XCBuildConfiguration;
			baseConfigurationReference = E47D4CE4DFFA640D3A885206 /* Pods-Pokedex.debug.xcconfig */;
			buildSettings = {
				ASSETCATALOG_COMPILER_APPICON_NAME = AppIcon;
				INFOPLIST_FILE = Pokedex/Info.plist;
				LD_RUNPATH_SEARCH_PATHS = "$(inherited) @executable_path/Frameworks";
				PRODUCT_BUNDLE_IDENTIFIER = com.albasoft.Pokedex;
				PRODUCT_NAME = "$(TARGET_NAME)";
			};
			name = Debug;
		};
		8AECC4601C4DA9FB00BB8251 /* Release */ = {
			isa = XCBuildConfiguration;
			baseConfigurationReference = 23350BBB3B3363CCF663FE19 /* Pods-Pokedex.release.xcconfig */;
			buildSettings = {
				ASSETCATALOG_COMPILER_APPICON_NAME = AppIcon;
				INFOPLIST_FILE = Pokedex/Info.plist;
				LD_RUNPATH_SEARCH_PATHS = "$(inherited) @executable_path/Frameworks";
				PRODUCT_BUNDLE_IDENTIFIER = com.albasoft.Pokedex;
				PRODUCT_NAME = "$(TARGET_NAME)";
			};
			name = Release;
		};
/* End XCBuildConfiguration section */

/* Begin XCConfigurationList section */
		8AECC4471C4DA9FB00BB8251 /* Build configuration list for PBXProject "Pokedex" */ = {
			isa = XCConfigurationList;
			buildConfigurations = (
				8AECC45C1C4DA9FB00BB8251 /* Debug */,
				8AECC45D1C4DA9FB00BB8251 /* Release */,
			);
			defaultConfigurationIsVisible = 0;
			defaultConfigurationName = Release;
		};
		8AECC45E1C4DA9FB00BB8251 /* Build configuration list for PBXNativeTarget "Pokedex" */ = {
			isa = XCConfigurationList;
			buildConfigurations = (
				8AECC45F1C4DA9FB00BB8251 /* Debug */,
				8AECC4601C4DA9FB00BB8251 /* Release */,
			);
			defaultConfigurationIsVisible = 0;
			defaultConfigurationName = Release;
		};
/* End XCConfigurationList section */
	};
	rootObject = 8AECC4441C4DA9FB00BB8251 /* Project object */;
}
